
Microsoft Visual Studio Solution File, Format Version 12.00
# Visual Studio Version 17
VisualStudioVersion = 17.9.34622.214
MinimumVisualStudioVersion = 10.0.40219.1
Project("{FAE04EC0-301F-11D3-BF4B-00C04F79EFBC}") = "GUI_Main", "Project.NET\GUI_Main.csproj", "{6E217610-50B2-4270-AE51-3FFE1D42393E}"
EndProject
Project("{FAE04EC0-301F-11D3-BF4B-00C04F79EFBC}") = "BUS", "BUS\BUS.csproj", "{6D212014-ECE4-462A-B4C8-6051A15575AC}"
EndProject
Project("{FAE04EC0-301F-11D3-BF4B-00C04F79EFBC}") = "DAL", "DAL\DAL.csproj", "{2AE5C8CA-73C3-4BE7-914A-5DBB59A77B6D}"
EndProject
Project("{FAE04EC0-301F-11D3-BF4B-00C04F79EFBC}") = "DTO", "DTO\DTO.csproj", "{287994D4-E772-4644-A37E-F0749107F83F}"
EndProject
Project("{FAE04EC0-301F-11D3-BF4B-00C04F79EFBC}") = "DTOUnitTest", "DTOUnitTest\DTOUnitTest.csproj", "{57005505-AB68-45D7-8DB8-6A0B3841A0FD}"
EndProject
Project("{2150E333-8FDC-42A3-9474-1A3956D46DE8}") = "Solution Items", "Solution Items", "{06E1CB0E-BFB7-473B-B95E-A7958431A495}"
	ProjectSection(SolutionItems) = preProject
		.editorconfig = .editorconfig
	EndProjectSection
EndProject
Global
	GlobalSection(SolutionConfigurationPlatforms) = preSolution
		Debug|Any CPU = Debug|Any CPU
		Release|Any CPU = Release|Any CPU
	EndGlobalSection
	GlobalSection(ProjectConfigurationPlatforms) = postSolution
		{6E217610-50B2-4270-AE51-3FFE1D42393E}.Debug|Any CPU.ActiveCfg = Debug|Any CPU
		{6E217610-50B2-4270-AE51-3FFE1D42393E}.Debug|Any CPU.Build.0 = Debug|Any CPU
		{6E217610-50B2-4270-AE51-3FFE1D42393E}.Release|Any CPU.ActiveCfg = Release|Any CPU
		{6E217610-50B2-4270-AE51-3FFE1D42393E}.Release|Any CPU.Build.0 = Release|Any CPU
		{6D212014-ECE4-462A-B4C8-6051A15575AC}.Debug|Any CPU.ActiveCfg = Debug|Any CPU
		{6D212014-ECE4-462A-B4C8-6051A15575AC}.Debug|Any CPU.Build.0 = Debug|Any CPU
		{6D212014-ECE4-462A-B4C8-6051A15575AC}.Release|Any CPU.ActiveCfg = Release|Any CPU
		{6D212014-ECE4-462A-B4C8-6051A15575AC}.Release|Any CPU.Build.0 = Release|Any CPU
		{2AE5C8CA-73C3-4BE7-914A-5DBB59A77B6D}.Debug|Any CPU.ActiveCfg = Debug|Any CPU
		{2AE5C8CA-73C3-4BE7-914A-5DBB59A77B6D}.Debug|Any CPU.Build.0 = Debug|Any CPU
		{2AE5C8CA-73C3-4BE7-914A-5DBB59A77B6D}.Release|Any CPU.ActiveCfg = Release|Any CPU
		{2AE5C8CA-73C3-4BE7-914A-5DBB59A77B6D}.Release|Any CPU.Build.0 = Release|Any CPU
		{287994D4-E772-4644-A37E-F0749107F83F}.Debug|Any CPU.ActiveCfg = Debug|Any CPU
		{287994D4-E772-4644-A37E-F0749107F83F}.Debug|Any CPU.Build.0 = Debug|Any CPU
		{287994D4-E772-4644-A37E-F0749107F83F}.Release|Any CPU.ActiveCfg = Release|Any CPU
		{287994D4-E772-4644-A37E-F0749107F83F}.Release|Any CPU.Build.0 = Release|Any CPU
		{57005505-AB68-45D7-8DB8-6A0B3841A0FD}.Debug|Any CPU.ActiveCfg = Debug|Any CPU
		{57005505-AB68-45D7-8DB8-6A0B3841A0FD}.Debug|Any CPU.Build.0 = Debug|Any CPU
		{57005505-AB68-45D7-8DB8-6A0B3841A0FD}.Release|Any CPU.ActiveCfg = Release|Any CPU
		{57005505-AB68-45D7-8DB8-6A0B3841A0FD}.Release|Any CPU.Build.0 = Release|Any CPU
	EndGlobalSection
	GlobalSection(SolutionProperties) = preSolution
		HideSolutionNode = FALSE
	EndGlobalSection
	GlobalSection(ExtensibilityGlobals) = postSolution
		SolutionGuid = {2DA071B2-28A2-4277-8B7A-F9AC2774ED52}
	EndGlobalSection
EndGlobal
